
Microsoft Visual Studio Solution File, Format Version 12.00
# Visual Studio Version 17
VisualStudioVersion = 17.0.31903.59
MinimumVisualStudioVersion = 10.0.40219.1
Project("{2150E333-8FDC-42A3-9474-1A3956D46DE8}") = "src", "src", "{827E0CD3-B72D-47B6-A68D-7590B98EB39B}"
EndProject
Project("{FAE04EC0-301F-11D3-BF4B-00C04F79EFBC}") = "DataDictionary.Abstractions", "src\DataDictionary.Abstractions\DataDictionary.Abstractions.csproj", "{CA5C85B1-401D-4267-AFC5-02E2BEB825A0}"
EndProject
Project("{FAE04EC0-301F-11D3-BF4B-00C04F79EFBC}") = "DataDictionary.Generator", "src\DataDictionary.Generator\DataDictionary.Generator.csproj", "{8F0958D8-4F1A-4D12-87AA-CC2F23F13FCA}"
EndProject
Project("{FAE04EC0-301F-11D3-BF4B-00C04F79EFBC}") = "DataDictionary.Core", "src\DataDictionary.Core\DataDictionary.Core.csproj", "{D4B09E91-E9AA-411B-A8FE-C0B176D1038A}"
EndProject
Project("{FAE04EC0-301F-11D3-BF4B-00C04F79EFBC}") = "DataDictionary.EntityFrameworkCore", "src\DataDictionary.EntityFrameworkCore\DataDictionary.EntityFrameworkCore.csproj", "{EC14CAA2-77AD-485C-847D-FAD3C46B5CFF}"
EndProject
Project("{2150E333-8FDC-42A3-9474-1A3956D46DE8}") = "tests", "tests", "{0AB3BF05-4346-4AA6-1389-037BE0695223}"
EndProject
Project("{FAE04EC0-301F-11D3-BF4B-00C04F79EFBC}") = "DataDictionary.Generator.Tests", "tests\DataDictionary.Generator.Tests\DataDictionary.Generator.Tests.csproj", "{BCF09D0F-7544-4171-87A7-01F7539B2CAC}"
EndProject
Project("{FAE04EC0-301F-11D3-BF4B-00C04F79EFBC}") = "DataDictionary.Core.Tests", "tests\DataDictionary.Core.Tests\DataDictionary.Core.Tests.csproj", "{9EBB48AE-714F-4E06-920E-1BFB4534D521}"
EndProject
Project("{FAE04EC0-301F-11D3-BF4B-00C04F79EFBC}") = "DataDictionary.EntityFrameworkCore.Tests", "tests\DataDictionary.EntityFrameworkCore.Tests\DataDictionary.EntityFrameworkCore.Tests.csproj", "{BF72E379-E0A3-48E7-8AAC-54A3918C9E78}"
EndProject
Project("{2150E333-8FDC-42A3-9474-1A3956D46DE8}") = "samples", "samples", "{5D20AA90-6969-D8BD-9DCD-8634F4692FDA}"
EndProject
Project("{FAE04EC0-301F-11D3-BF4B-00C04F79EFBC}") = "Sample.Api", "samples\Sample.Api\Sample.Api.csproj", "{C9B4B5A9-EC8C-4403-8BA5-CB222AC0491D}"
EndProject
Global
	GlobalSection(SolutionConfigurationPlatforms) = preSolution
		Debug|Any CPU = Debug|Any CPU
		Debug|x64 = Debug|x64
		Debug|x86 = Debug|x86
		Release|Any CPU = Release|Any CPU
		Release|x64 = Release|x64
		Release|x86 = Release|x86
	EndGlobalSection
	GlobalSection(ProjectConfigurationPlatforms) = postSolution
		{CA5C85B1-401D-4267-AFC5-02E2BEB825A0}.Debug|Any CPU.ActiveCfg = Debug|Any CPU
		{CA5C85B1-401D-4267-AFC5-02E2BEB825A0}.Debug|Any CPU.Build.0 = Debug|Any CPU
		{CA5C85B1-401D-4267-AFC5-02E2BEB825A0}.Debug|x64.ActiveCfg = Debug|Any CPU
		{CA5C85B1-401D-4267-AFC5-02E2BEB825A0}.Debug|x64.Build.0 = Debug|Any CPU
		{CA5C85B1-401D-4267-AFC5-02E2BEB825A0}.Debug|x86.ActiveCfg = Debug|Any CPU
		{CA5C85B1-401D-4267-AFC5-02E2BEB825A0}.Debug|x86.Build.0 = Debug|Any CPU
		{CA5C85B1-401D-4267-AFC5-02E2BEB825A0}.Release|Any CPU.ActiveCfg = Release|Any CPU
		{CA5C85B1-401D-4267-AFC5-02E2BEB825A0}.Release|Any CPU.Build.0 = Release|Any CPU
		{CA5C85B1-401D-4267-AFC5-02E2BEB825A0}.Release|x64.ActiveCfg = Release|Any CPU
		{CA5C85B1-401D-4267-AFC5-02E2BEB825A0}.Release|x64.Build.0 = Release|Any CPU
		{CA5C85B1-401D-4267-AFC5-02E2BEB825A0}.Release|x86.ActiveCfg = Release|Any CPU
		{CA5C85B1-401D-4267-AFC5-02E2BEB825A0}.Release|x86.Build.0 = Release|Any CPU
		{8F0958D8-4F1A-4D12-87AA-CC2F23F13FCA}.Debug|Any CPU.ActiveCfg = Debug|Any CPU
		{8F0958D8-4F1A-4D12-87AA-CC2F23F13FCA}.Debug|Any CPU.Build.0 = Debug|Any CPU
		{8F0958D8-4F1A-4D12-87AA-CC2F23F13FCA}.Debug|x64.ActiveCfg = Debug|Any CPU
		{8F0958D8-4F1A-4D12-87AA-CC2F23F13FCA}.Debug|x64.Build.0 = Debug|Any CPU
		{8F0958D8-4F1A-4D12-87AA-CC2F23F13FCA}.Debug|x86.ActiveCfg = Debug|Any CPU
		{8F0958D8-4F1A-4D12-87AA-CC2F23F13FCA}.Debug|x86.Build.0 = Debug|Any CPU
		{8F0958D8-4F1A-4D12-87AA-CC2F23F13FCA}.Release|Any CPU.ActiveCfg = Release|Any CPU
		{8F0958D8-4F1A-4D12-87AA-CC2F23F13FCA}.Release|Any CPU.Build.0 = Release|Any CPU
		{8F0958D8-4F1A-4D12-87AA-CC2F23F13FCA}.Release|x64.ActiveCfg = Release|Any CPU
		{8F0958D8-4F1A-4D12-87AA-CC2F23F13FCA}.Release|x64.Build.0 = Release|Any CPU
		{8F0958D8-4F1A-4D12-87AA-CC2F23F13FCA}.Release|x86.ActiveCfg = Release|Any CPU
		{8F0958D8-4F1A-4D12-87AA-CC2F23F13FCA}.Release|x86.Build.0 = Release|Any CPU
		{D4B09E91-E9AA-411B-A8FE-C0B176D1038A}.Debug|Any CPU.ActiveCfg = Debug|Any CPU
		{D4B09E91-E9AA-411B-A8FE-C0B176D1038A}.Debug|Any CPU.Build.0 = Debug|Any CPU
		{D4B09E91-E9AA-411B-A8FE-C0B176D1038A}.Debug|x64.ActiveCfg = Debug|Any CPU
		{D4B09E91-E9AA-411B-A8FE-C0B176D1038A}.Debug|x64.Build.0 = Debug|Any CPU
		{D4B09E91-E9AA-411B-A8FE-C0B176D1038A}.Debug|x86.ActiveCfg = Debug|Any CPU
		{D4B09E91-E9AA-411B-A8FE-C0B176D1038A}.Debug|x86.Build.0 = Debug|Any CPU
		{D4B09E91-E9AA-411B-A8FE-C0B176D1038A}.Release|Any CPU.ActiveCfg = Release|Any CPU
		{D4B09E91-E9AA-411B-A8FE-C0B176D1038A}.Release|Any CPU.Build.0 = Release|Any CPU
		{D4B09E91-E9AA-411B-A8FE-C0B176D1038A}.Release|x64.ActiveCfg = Release|Any CPU
		{D4B09E91-E9AA-411B-A8FE-C0B176D1038A}.Release|x64.Build.0 = Release|Any CPU
		{D4B09E91-E9AA-411B-A8FE-C0B176D1038A}.Release|x86.ActiveCfg = Release|Any CPU
		{D4B09E91-E9AA-411B-A8FE-C0B176D1038A}.Release|x86.Build.0 = Release|Any CPU
		{EC14CAA2-77AD-485C-847D-FAD3C46B5CFF}.Debug|Any CPU.ActiveCfg = Debug|Any CPU
		{EC14CAA2-77AD-485C-847D-FAD3C46B5CFF}.Debug|Any CPU.Build.0 = Debug|Any CPU
		{EC14CAA2-77AD-485C-847D-FAD3C46B5CFF}.Debug|x64.ActiveCfg = Debug|Any CPU
		{EC14CAA2-77AD-485C-847D-FAD3C46B5CFF}.Debug|x64.Build.0 = Debug|Any CPU
		{EC14CAA2-77AD-485C-847D-FAD3C46B5CFF}.Debug|x86.ActiveCfg = Debug|Any CPU
		{EC14CAA2-77AD-485C-847D-FAD3C46B5CFF}.Debug|x86.Build.0 = Debug|Any CPU
		{EC14CAA2-77AD-485C-847D-FAD3C46B5CFF}.Release|Any CPU.ActiveCfg = Release|Any CPU
		{EC14CAA2-77AD-485C-847D-FAD3C46B5CFF}.Release|Any CPU.Build.0 = Release|Any CPU
		{EC14CAA2-77AD-485C-847D-FAD3C46B5CFF}.Release|x64.ActiveCfg = Release|Any CPU
		{EC14CAA2-77AD-485C-847D-FAD3C46B5CFF}.Release|x64.Build.0 = Release|Any CPU
		{EC14CAA2-77AD-485C-847D-FAD3C46B5CFF}.Release|x86.ActiveCfg = Release|Any CPU
		{EC14CAA2-77AD-485C-847D-FAD3C46B5CFF}.Release|x86.Build.0 = Release|Any CPU
		{BCF09D0F-7544-4171-87A7-01F7539B2CAC}.Debug|Any CPU.ActiveCfg = Debug|Any CPU
		{BCF09D0F-7544-4171-87A7-01F7539B2CAC}.Debug|Any CPU.Build.0 = Debug|Any CPU
		{BCF09D0F-7544-4171-87A7-01F7539B2CAC}.Debug|x64.ActiveCfg = Debug|Any CPU
		{BCF09D0F-7544-4171-87A7-01F7539B2CAC}.Debug|x64.Build.0 = Debug|Any CPU
		{BCF09D0F-7544-4171-87A7-01F7539B2CAC}.Debug|x86.ActiveCfg = Debug|Any CPU
		{BCF09D0F-7544-4171-87A7-01F7539B2CAC}.Debug|x86.Build.0 = Debug|Any CPU
		{BCF09D0F-7544-4171-87A7-01F7539B2CAC}.Release|Any CPU.ActiveCfg = Release|Any CPU
		{BCF09D0F-7544-4171-87A7-01F7539B2CAC}.Release|Any CPU.Build.0 = Release|Any CPU
		{BCF09D0F-7544-4171-87A7-01F7539B2CAC}.Release|x64.ActiveCfg = Release|Any CPU
		{BCF09D0F-7544-4171-87A7-01F7539B2CAC}.Release|x64.Build.0 = Release|Any CPU
		{BCF09D0F-7544-4171-87A7-01F7539B2CAC}.Release|x86.ActiveCfg = Release|Any CPU
		{BCF09D0F-7544-4171-87A7-01F7539B2CAC}.Release|x86.Build.0 = Release|Any CPU
		{9EBB48AE-714F-4E06-920E-1BFB4534D521}.Debug|Any CPU.ActiveCfg = Debug|Any CPU
		{9EBB48AE-714F-4E06-920E-1BFB4534D521}.Debug|Any CPU.Build.0 = Debug|Any CPU
		{9EBB48AE-714F-4E06-920E-1BFB4534D521}.Debug|x64.ActiveCfg = Debug|Any CPU
		{9EBB48AE-714F-4E06-920E-1BFB4534D521}.Debug|x64.Build.0 = Debug|Any CPU
		{9EBB48AE-714F-4E06-920E-1BFB4534D521}.Debug|x86.ActiveCfg = Debug|Any CPU
		{9EBB48AE-714F-4E06-920E-1BFB4534D521}.Debug|x86.Build.0 = Debug|Any CPU
		{9EBB48AE-714F-4E06-920E-1BFB4534D521}.Release|Any CPU.ActiveCfg = Release|Any CPU
		{9EBB48AE-714F-4E06-920E-1BFB4534D521}.Release|Any CPU.Build.0 = Release|Any CPU
		{9EBB48AE-714F-4E06-920E-1BFB4534D521}.Release|x64.ActiveCfg = Release|Any CPU
		{9EBB48AE-714F-4E06-920E-1BFB4534D521}.Release|x64.Build.0 = Release|Any CPU
		{9EBB48AE-714F-4E06-920E-1BFB4534D521}.Release|x86.ActiveCfg = Release|Any CPU
		{9EBB48AE-714F-4E06-920E-1BFB4534D521}.Release|x86.Build.0 = Release|Any CPU
		{BF72E379-E0A3-48E7-8AAC-54A3918C9E78}.Debug|Any CPU.ActiveCfg = Debug|Any CPU
		{BF72E379-E0A3-48E7-8AAC-54A3918C9E78}.Debug|Any CPU.Build.0 = Debug|Any CPU
		{BF72E379-E0A3-48E7-8AAC-54A3918C9E78}.Debug|x64.ActiveCfg = Debug|Any CPU
		{BF72E379-E0A3-48E7-8AAC-54A3918C9E78}.Debug|x64.Build.0 = Debug|Any CPU
		{BF72E379-E0A3-48E7-8AAC-54A3918C9E78}.Debug|x86.ActiveCfg = Debug|Any CPU
		{BF72E379-E0A3-48E7-8AAC-54A3918C9E78}.Debug|x86.Build.0 = Debug|Any CPU
		{BF72E379-E0A3-48E7-8AAC-54A3918C9E78}.Release|Any CPU.ActiveCfg = Release|Any CPU
		{BF72E379-E0A3-48E7-8AAC-54A3918C9E78}.Release|Any CPU.Build.0 = Release|Any CPU
		{BF72E379-E0A3-48E7-8AAC-54A3918C9E78}.Release|x64.ActiveCfg = Release|Any CPU
		{BF72E379-E0A3-48E7-8AAC-54A3918C9E78}.Release|x64.Build.0 = Release|Any CPU
		{BF72E379-E0A3-48E7-8AAC-54A3918C9E78}.Release|x86.ActiveCfg = Release|Any CPU
		{BF72E379-E0A3-48E7-8AAC-54A3918C9E78}.Release|x86.Build.0 = Release|Any CPU
		{C9B4B5A9-EC8C-4403-8BA5-CB222AC0491D}.Debug|Any CPU.ActiveCfg = Debug|Any CPU
		{C9B4B5A9-EC8C-4403-8BA5-CB222AC0491D}.Debug|Any CPU.Build.0 = Debug|Any CPU
		{C9B4B5A9-EC8C-4403-8BA5-CB222AC0491D}.Debug|x64.ActiveCfg = Debug|Any CPU
		{C9B4B5A9-EC8C-4403-8BA5-CB222AC0491D}.Debug|x64.Build.0 = Debug|Any CPU
		{C9B4B5A9-EC8C-4403-8BA5-CB222AC0491D}.Debug|x86.ActiveCfg = Debug|Any CPU
		{C9B4B5A9-EC8C-4403-8BA5-CB222AC0491D}.Debug|x86.Build.0 = Debug|Any CPU
		{C9B4B5A9-EC8C-4403-8BA5-CB222AC0491D}.Release|Any CPU.ActiveCfg = Release|Any CPU
		{C9B4B5A9-EC8C-4403-8BA5-CB222AC0491D}.Release|Any CPU.Build.0 = Release|Any CPU
		{C9B4B5A9-EC8C-4403-8BA5-CB222AC0491D}.Release|x64.ActiveCfg = Release|Any CPU
		{C9B4B5A9-EC8C-4403-8BA5-CB222AC0491D}.Release|x64.Build.0 = Release|Any CPU
		{C9B4B5A9-EC8C-4403-8BA5-CB222AC0491D}.Release|x86.ActiveCfg = Release|Any CPU
		{C9B4B5A9-EC8C-4403-8BA5-CB222AC0491D}.Release|x86.Build.0 = Release|Any CPU
	EndGlobalSection
	GlobalSection(SolutionProperties) = preSolution
		HideSolutionNode = FALSE
	EndGlobalSection
	GlobalSection(NestedProjects) = preSolution
		{CA5C85B1-401D-4267-AFC5-02E2BEB825A0} = {827E0CD3-B72D-47B6-A68D-7590B98EB39B}
		{8F0958D8-4F1A-4D12-87AA-CC2F23F13FCA} = {827E0CD3-B72D-47B6-A68D-7590B98EB39B}
		{D4B09E91-E9AA-411B-A8FE-C0B176D1038A} = {827E0CD3-B72D-47B6-A68D-7590B98EB39B}
		{EC14CAA2-77AD-485C-847D-FAD3C46B5CFF} = {827E0CD3-B72D-47B6-A68D-7590B98EB39B}
		{BCF09D0F-7544-4171-87A7-01F7539B2CAC} = {0AB3BF05-4346-4AA6-1389-037BE0695223}
		{9EBB48AE-714F-4E06-920E-1BFB4534D521} = {0AB3BF05-4346-4AA6-1389-037BE0695223}
		{BF72E379-E0A3-48E7-8AAC-54A3918C9E78} = {0AB3BF05-4346-4AA6-1389-037BE0695223}
		{C9B4B5A9-EC8C-4403-8BA5-CB222AC0491D} = {5D20AA90-6969-D8BD-9DCD-8634F4692FDA}
	EndGlobalSection
EndGlobal
